
Microsoft Visual Studio Solution File, Format Version 12.00
# Visual Studio Version 17
VisualStudioVersion = 17.7.34221.43
MinimumVisualStudioVersion = 10.0.40219.1
Project("{2150E333-8FDC-42A3-9474-1A3956D46DE8}") = "Common", "Common", "{79478841-37E6-4D95-A090-258B9D20EEBB}"
EndProject
Project("{9A19103F-16F7-4668-BE54-9A1E7A4F7556}") = "Utilities.Common.Helpers", "src\Common\Utilities.Common.Helpers\Utilities.Common.Helpers.csproj", "{739ED7BB-BBD9-475D-9742-1030EE55014B}"
EndProject
Project("{2150E333-8FDC-42A3-9474-1A3956D46DE8}") = "Utilities", "Utilities", "{B7B8A69D-50F3-4F4F-94ED-DA96394FD77A}"
EndProject
Project("{9A19103F-16F7-4668-BE54-9A1E7A4F7556}") = "Utilities.ImageToBlob", "src\Utilities\Utilities.ImageToBlob\Utilities.ImageToBlob.csproj", "{513443D4-95CE-431E-A809-6CF627A2C8D7}"
EndProject
Project("{9A19103F-16F7-4668-BE54-9A1E7A4F7556}") = "Utilities.TsvCleanerCore", "src\Utilities\Utilities.TsvCleanerCore\Utilities.TsvCleanerCore.csproj", "{A9CC29DF-8CE7-4369-8076-356AB53D5B37}"
EndProject
Project("{FAE04EC0-301F-11D3-BF4B-00C04F79EFBC}") = "Utilities.Frameworks", "src\Utilities\Utiliites.Frameworks\Utilities.Frameworks.csproj", "{9511928F-E1E5-4FBB-AF98-B4FF554A16CF}"
EndProject
Project("{9A19103F-16F7-4668-BE54-9A1E7A4F7556}") = "Utilities.Common.TokenHelpers", "src\Common\Utilities.Common.TokenHelpers\Utilities.Common.TokenHelpers.csproj", "{41792C66-67F1-4773-B751-E0948BC93815}"
EndProject
Project("{9A19103F-16F7-4668-BE54-9A1E7A4F7556}") = "Utilities.CoreConsole.Tokenfetcher", "src\Utilities\Utilities.Common.TokenFetcher\Utilities.CoreConsole.Tokenfetcher.csproj", "{D0BFCCC3-10EF-4138-9AD8-4F0CDEE61D2B}"
EndProject
Project("{2150E333-8FDC-42A3-9474-1A3956D46DE8}") = "Tests", "Tests", "{986FF577-4770-4A8D-AB2F-A7C3F85E2985}"
EndProject
Project("{9A19103F-16F7-4668-BE54-9A1E7A4F7556}") = "Utilities.TsvCleanerCore.Tests", "src\Tests\Utilities.TsvCleanerCore.Tests\Utilities.TsvCleanerCore.Tests.csproj", "{834221FB-CBF0-4277-A47D-F6CB7B57B78C}"
EndProject
Project("{9A19103F-16F7-4668-BE54-9A1E7A4F7556}") = "Utilities.Common.Helpers.Tests", "src\Tests\Utilities.Common.Helpers.Tests\Utilities.Common.Helpers.Tests.csproj", "{4CE70AB4-4D07-41F7-BF37-4726FDCF9E83}"
EndProject
Project("{2150E333-8FDC-42A3-9474-1A3956D46DE8}") = "PSM", "PSM", "{74E80935-8C33-44D2-A10D-A66DE74FF752}"
EndProject
Project("{F5034706-568F-408A-B7B3-4D38C6DB8A32}") = "FileCleaners", "src\PSM\FileCleaners\FileCleaners.pssproj", "{6CAFC0C6-A428-4D30-A9F9-700E829FEA51}"
EndProject
Global
	GlobalSection(SolutionConfigurationPlatforms) = preSolution
		Debug|Any CPU = Debug|Any CPU
		Debug|x64 = Debug|x64
		Debug|x86 = Debug|x86
		Publish|Any CPU = Publish|Any CPU
		Publish|x64 = Publish|x64
		Publish|x86 = Publish|x86
		Release|Any CPU = Release|Any CPU
		Release|x64 = Release|x64
		Release|x86 = Release|x86
	EndGlobalSection
	GlobalSection(ProjectConfigurationPlatforms) = postSolution
		{739ED7BB-BBD9-475D-9742-1030EE55014B}.Debug|Any CPU.ActiveCfg = Debug|Any CPU
		{739ED7BB-BBD9-475D-9742-1030EE55014B}.Debug|Any CPU.Build.0 = Debug|Any CPU
		{739ED7BB-BBD9-475D-9742-1030EE55014B}.Debug|x64.ActiveCfg = Debug|x64
		{739ED7BB-BBD9-475D-9742-1030EE55014B}.Debug|x64.Build.0 = Debug|x64
		{739ED7BB-BBD9-475D-9742-1030EE55014B}.Debug|x86.ActiveCfg = Debug|Any CPU
		{739ED7BB-BBD9-475D-9742-1030EE55014B}.Debug|x86.Build.0 = Debug|Any CPU
		{739ED7BB-BBD9-475D-9742-1030EE55014B}.Publish|Any CPU.ActiveCfg = Debug|Any CPU
		{739ED7BB-BBD9-475D-9742-1030EE55014B}.Publish|Any CPU.Build.0 = Debug|Any CPU
		{739ED7BB-BBD9-475D-9742-1030EE55014B}.Publish|x64.ActiveCfg = Debug|x64
		{739ED7BB-BBD9-475D-9742-1030EE55014B}.Publish|x64.Build.0 = Debug|x64
		{739ED7BB-BBD9-475D-9742-1030EE55014B}.Publish|x86.ActiveCfg = Debug|Any CPU
		{739ED7BB-BBD9-475D-9742-1030EE55014B}.Publish|x86.Build.0 = Debug|Any CPU
		{739ED7BB-BBD9-475D-9742-1030EE55014B}.Release|Any CPU.ActiveCfg = Release|Any CPU
		{739ED7BB-BBD9-475D-9742-1030EE55014B}.Release|Any CPU.Build.0 = Release|Any CPU
		{739ED7BB-BBD9-475D-9742-1030EE55014B}.Release|x64.ActiveCfg = Release|x64
		{739ED7BB-BBD9-475D-9742-1030EE55014B}.Release|x64.Build.0 = Release|x64
		{739ED7BB-BBD9-475D-9742-1030EE55014B}.Release|x86.ActiveCfg = Release|Any CPU
		{739ED7BB-BBD9-475D-9742-1030EE55014B}.Release|x86.Build.0 = Release|Any CPU
		{513443D4-95CE-431E-A809-6CF627A2C8D7}.Debug|Any CPU.ActiveCfg = Debug|Any CPU
		{513443D4-95CE-431E-A809-6CF627A2C8D7}.Debug|Any CPU.Build.0 = Debug|Any CPU
		{513443D4-95CE-431E-A809-6CF627A2C8D7}.Debug|x64.ActiveCfg = Debug|x64
		{513443D4-95CE-431E-A809-6CF627A2C8D7}.Debug|x64.Build.0 = Debug|x64
		{513443D4-95CE-431E-A809-6CF627A2C8D7}.Debug|x86.ActiveCfg = Debug|x86
		{513443D4-95CE-431E-A809-6CF627A2C8D7}.Debug|x86.Build.0 = Debug|x86
		{513443D4-95CE-431E-A809-6CF627A2C8D7}.Publish|Any CPU.ActiveCfg = Debug|Any CPU
		{513443D4-95CE-431E-A809-6CF627A2C8D7}.Publish|Any CPU.Build.0 = Debug|Any CPU
		{513443D4-95CE-431E-A809-6CF627A2C8D7}.Publish|x64.ActiveCfg = Debug|x64
		{513443D4-95CE-431E-A809-6CF627A2C8D7}.Publish|x64.Build.0 = Debug|x64
		{513443D4-95CE-431E-A809-6CF627A2C8D7}.Publish|x86.ActiveCfg = Debug|x86
		{513443D4-95CE-431E-A809-6CF627A2C8D7}.Publish|x86.Build.0 = Debug|x86
		{513443D4-95CE-431E-A809-6CF627A2C8D7}.Release|Any CPU.ActiveCfg = Release|Any CPU
		{513443D4-95CE-431E-A809-6CF627A2C8D7}.Release|Any CPU.Build.0 = Release|Any CPU
		{513443D4-95CE-431E-A809-6CF627A2C8D7}.Release|x64.ActiveCfg = Release|x64
		{513443D4-95CE-431E-A809-6CF627A2C8D7}.Release|x64.Build.0 = Release|x64
		{513443D4-95CE-431E-A809-6CF627A2C8D7}.Release|x86.ActiveCfg = Release|x86
		{513443D4-95CE-431E-A809-6CF627A2C8D7}.Release|x86.Build.0 = Release|x86
		{A9CC29DF-8CE7-4369-8076-356AB53D5B37}.Debug|Any CPU.ActiveCfg = Debug|Any CPU
		{A9CC29DF-8CE7-4369-8076-356AB53D5B37}.Debug|Any CPU.Build.0 = Debug|Any CPU
		{A9CC29DF-8CE7-4369-8076-356AB53D5B37}.Debug|x64.ActiveCfg = Debug|x64
		{A9CC29DF-8CE7-4369-8076-356AB53D5B37}.Debug|x64.Build.0 = Debug|x64
		{A9CC29DF-8CE7-4369-8076-356AB53D5B37}.Debug|x86.ActiveCfg = Debug|Any CPU
		{A9CC29DF-8CE7-4369-8076-356AB53D5B37}.Debug|x86.Build.0 = Debug|Any CPU
		{A9CC29DF-8CE7-4369-8076-356AB53D5B37}.Publish|Any CPU.ActiveCfg = Debug|Any CPU
		{A9CC29DF-8CE7-4369-8076-356AB53D5B37}.Publish|Any CPU.Build.0 = Debug|Any CPU
		{A9CC29DF-8CE7-4369-8076-356AB53D5B37}.Publish|x64.ActiveCfg = Debug|x64
		{A9CC29DF-8CE7-4369-8076-356AB53D5B37}.Publish|x64.Build.0 = Debug|x64
		{A9CC29DF-8CE7-4369-8076-356AB53D5B37}.Publish|x86.ActiveCfg = Debug|Any CPU
		{A9CC29DF-8CE7-4369-8076-356AB53D5B37}.Publish|x86.Build.0 = Debug|Any CPU
		{A9CC29DF-8CE7-4369-8076-356AB53D5B37}.Release|Any CPU.ActiveCfg = Release|Any CPU
		{A9CC29DF-8CE7-4369-8076-356AB53D5B37}.Release|Any CPU.Build.0 = Release|Any CPU
		{A9CC29DF-8CE7-4369-8076-356AB53D5B37}.Release|x64.ActiveCfg = Release|x64
		{A9CC29DF-8CE7-4369-8076-356AB53D5B37}.Release|x64.Build.0 = Release|x64
		{A9CC29DF-8CE7-4369-8076-356AB53D5B37}.Release|x86.ActiveCfg = Release|Any CPU
		{A9CC29DF-8CE7-4369-8076-356AB53D5B37}.Release|x86.Build.0 = Release|Any CPU
		{9511928F-E1E5-4FBB-AF98-B4FF554A16CF}.Debug|Any CPU.ActiveCfg = Debug|Any CPU
		{9511928F-E1E5-4FBB-AF98-B4FF554A16CF}.Debug|Any CPU.Build.0 = Debug|Any CPU
		{9511928F-E1E5-4FBB-AF98-B4FF554A16CF}.Debug|x64.ActiveCfg = Debug|x64
		{9511928F-E1E5-4FBB-AF98-B4FF554A16CF}.Debug|x64.Build.0 = Debug|x64
		{9511928F-E1E5-4FBB-AF98-B4FF554A16CF}.Debug|x86.ActiveCfg = Debug|Any CPU
		{9511928F-E1E5-4FBB-AF98-B4FF554A16CF}.Debug|x86.Build.0 = Debug|Any CPU
		{9511928F-E1E5-4FBB-AF98-B4FF554A16CF}.Publish|Any CPU.ActiveCfg = Publish|Any CPU
		{9511928F-E1E5-4FBB-AF98-B4FF554A16CF}.Publish|Any CPU.Build.0 = Publish|Any CPU
		{9511928F-E1E5-4FBB-AF98-B4FF554A16CF}.Publish|x64.ActiveCfg = Publish|x64
		{9511928F-E1E5-4FBB-AF98-B4FF554A16CF}.Publish|x64.Build.0 = Publish|x64
		{9511928F-E1E5-4FBB-AF98-B4FF554A16CF}.Publish|x86.ActiveCfg = Publish|Any CPU
		{9511928F-E1E5-4FBB-AF98-B4FF554A16CF}.Publish|x86.Build.0 = Publish|Any CPU
		{9511928F-E1E5-4FBB-AF98-B4FF554A16CF}.Release|Any CPU.ActiveCfg = Release|Any CPU
		{9511928F-E1E5-4FBB-AF98-B4FF554A16CF}.Release|Any CPU.Build.0 = Release|Any CPU
		{9511928F-E1E5-4FBB-AF98-B4FF554A16CF}.Release|x64.ActiveCfg = Release|x64
		{9511928F-E1E5-4FBB-AF98-B4FF554A16CF}.Release|x64.Build.0 = Release|x64
		{9511928F-E1E5-4FBB-AF98-B4FF554A16CF}.Release|x86.ActiveCfg = Release|Any CPU
		{9511928F-E1E5-4FBB-AF98-B4FF554A16CF}.Release|x86.Build.0 = Release|Any CPU
		{41792C66-67F1-4773-B751-E0948BC93815}.Debug|Any CPU.ActiveCfg = Debug|Any CPU
		{41792C66-67F1-4773-B751-E0948BC93815}.Debug|Any CPU.Build.0 = Debug|Any CPU
		{41792C66-67F1-4773-B751-E0948BC93815}.Debug|x64.ActiveCfg = Debug|x64
		{41792C66-67F1-4773-B751-E0948BC93815}.Debug|x64.Build.0 = Debug|x64
		{41792C66-67F1-4773-B751-E0948BC93815}.Debug|x86.ActiveCfg = Debug|Any CPU
		{41792C66-67F1-4773-B751-E0948BC93815}.Debug|x86.Build.0 = Debug|Any CPU
		{41792C66-67F1-4773-B751-E0948BC93815}.Publish|Any CPU.ActiveCfg = Debug|Any CPU
		{41792C66-67F1-4773-B751-E0948BC93815}.Publish|Any CPU.Build.0 = Debug|Any CPU
		{41792C66-67F1-4773-B751-E0948BC93815}.Publish|x64.ActiveCfg = Debug|x64
		{41792C66-67F1-4773-B751-E0948BC93815}.Publish|x64.Build.0 = Debug|x64
		{41792C66-67F1-4773-B751-E0948BC93815}.Publish|x86.ActiveCfg = Debug|Any CPU
		{41792C66-67F1-4773-B751-E0948BC93815}.Publish|x86.Build.0 = Debug|Any CPU
		{41792C66-67F1-4773-B751-E0948BC93815}.Release|Any CPU.ActiveCfg = Release|Any CPU
		{41792C66-67F1-4773-B751-E0948BC93815}.Release|Any CPU.Build.0 = Release|Any CPU
		{41792C66-67F1-4773-B751-E0948BC93815}.Release|x64.ActiveCfg = Release|x64
		{41792C66-67F1-4773-B751-E0948BC93815}.Release|x64.Build.0 = Release|x64
		{41792C66-67F1-4773-B751-E0948BC93815}.Release|x86.ActiveCfg = Release|Any CPU
		{41792C66-67F1-4773-B751-E0948BC93815}.Release|x86.Build.0 = Release|Any CPU
		{D0BFCCC3-10EF-4138-9AD8-4F0CDEE61D2B}.Debug|Any CPU.ActiveCfg = Debug|Any CPU
		{D0BFCCC3-10EF-4138-9AD8-4F0CDEE61D2B}.Debug|Any CPU.Build.0 = Debug|Any CPU
		{D0BFCCC3-10EF-4138-9AD8-4F0CDEE61D2B}.Debug|x64.ActiveCfg = Debug|x64
		{D0BFCCC3-10EF-4138-9AD8-4F0CDEE61D2B}.Debug|x64.Build.0 = Debug|x64
		{D0BFCCC3-10EF-4138-9AD8-4F0CDEE61D2B}.Debug|x86.ActiveCfg = Debug|Any CPU
		{D0BFCCC3-10EF-4138-9AD8-4F0CDEE61D2B}.Debug|x86.Build.0 = Debug|Any CPU
		{D0BFCCC3-10EF-4138-9AD8-4F0CDEE61D2B}.Publish|Any CPU.ActiveCfg = Debug|Any CPU
		{D0BFCCC3-10EF-4138-9AD8-4F0CDEE61D2B}.Publish|Any CPU.Build.0 = Debug|Any CPU
		{D0BFCCC3-10EF-4138-9AD8-4F0CDEE61D2B}.Publish|x64.ActiveCfg = Debug|x64
		{D0BFCCC3-10EF-4138-9AD8-4F0CDEE61D2B}.Publish|x64.Build.0 = Debug|x64
		{D0BFCCC3-10EF-4138-9AD8-4F0CDEE61D2B}.Publish|x86.ActiveCfg = Debug|Any CPU
		{D0BFCCC3-10EF-4138-9AD8-4F0CDEE61D2B}.Publish|x86.Build.0 = Debug|Any CPU
		{D0BFCCC3-10EF-4138-9AD8-4F0CDEE61D2B}.Release|Any CPU.ActiveCfg = Release|Any CPU
		{D0BFCCC3-10EF-4138-9AD8-4F0CDEE61D2B}.Release|Any CPU.Build.0 = Release|Any CPU
		{D0BFCCC3-10EF-4138-9AD8-4F0CDEE61D2B}.Release|x64.ActiveCfg = Release|x64
		{D0BFCCC3-10EF-4138-9AD8-4F0CDEE61D2B}.Release|x64.Build.0 = Release|x64
		{D0BFCCC3-10EF-4138-9AD8-4F0CDEE61D2B}.Release|x86.ActiveCfg = Release|Any CPU
		{D0BFCCC3-10EF-4138-9AD8-4F0CDEE61D2B}.Release|x86.Build.0 = Release|Any CPU
		{834221FB-CBF0-4277-A47D-F6CB7B57B78C}.Debug|Any CPU.ActiveCfg = Debug|Any CPU
		{834221FB-CBF0-4277-A47D-F6CB7B57B78C}.Debug|Any CPU.Build.0 = Debug|Any CPU
		{834221FB-CBF0-4277-A47D-F6CB7B57B78C}.Debug|x64.ActiveCfg = Debug|x64
		{834221FB-CBF0-4277-A47D-F6CB7B57B78C}.Debug|x64.Build.0 = Debug|x64
		{834221FB-CBF0-4277-A47D-F6CB7B57B78C}.Debug|x86.ActiveCfg = Debug|Any CPU
		{834221FB-CBF0-4277-A47D-F6CB7B57B78C}.Debug|x86.Build.0 = Debug|Any CPU
		{834221FB-CBF0-4277-A47D-F6CB7B57B78C}.Publish|Any CPU.ActiveCfg = Debug|Any CPU
		{834221FB-CBF0-4277-A47D-F6CB7B57B78C}.Publish|Any CPU.Build.0 = Debug|Any CPU
		{834221FB-CBF0-4277-A47D-F6CB7B57B78C}.Publish|x64.ActiveCfg = Debug|x64
		{834221FB-CBF0-4277-A47D-F6CB7B57B78C}.Publish|x64.Build.0 = Debug|x64
		{834221FB-CBF0-4277-A47D-F6CB7B57B78C}.Publish|x86.ActiveCfg = Debug|Any CPU
		{834221FB-CBF0-4277-A47D-F6CB7B57B78C}.Publish|x86.Build.0 = Debug|Any CPU
		{834221FB-CBF0-4277-A47D-F6CB7B57B78C}.Release|Any CPU.ActiveCfg = Release|Any CPU
		{834221FB-CBF0-4277-A47D-F6CB7B57B78C}.Release|Any CPU.Build.0 = Release|Any CPU
		{834221FB-CBF0-4277-A47D-F6CB7B57B78C}.Release|x64.ActiveCfg = Release|x64
		{834221FB-CBF0-4277-A47D-F6CB7B57B78C}.Release|x64.Build.0 = Release|x64
		{834221FB-CBF0-4277-A47D-F6CB7B57B78C}.Release|x86.ActiveCfg = Release|Any CPU
		{834221FB-CBF0-4277-A47D-F6CB7B57B78C}.Release|x86.Build.0 = Release|Any CPU
		{4CE70AB4-4D07-41F7-BF37-4726FDCF9E83}.Debug|Any CPU.ActiveCfg = Debug|Any CPU
		{4CE70AB4-4D07-41F7-BF37-4726FDCF9E83}.Debug|Any CPU.Build.0 = Debug|Any CPU
		{4CE70AB4-4D07-41F7-BF37-4726FDCF9E83}.Debug|x64.ActiveCfg = Debug|x64
		{4CE70AB4-4D07-41F7-BF37-4726FDCF9E83}.Debug|x64.Build.0 = Debug|x64
		{4CE70AB4-4D07-41F7-BF37-4726FDCF9E83}.Debug|x86.ActiveCfg = Debug|Any CPU
		{4CE70AB4-4D07-41F7-BF37-4726FDCF9E83}.Debug|x86.Build.0 = Debug|Any CPU
		{4CE70AB4-4D07-41F7-BF37-4726FDCF9E83}.Publish|Any CPU.ActiveCfg = Debug|Any CPU
		{4CE70AB4-4D07-41F7-BF37-4726FDCF9E83}.Publish|Any CPU.Build.0 = Debug|Any CPU
		{4CE70AB4-4D07-41F7-BF37-4726FDCF9E83}.Publish|x64.ActiveCfg = Debug|x64
		{4CE70AB4-4D07-41F7-BF37-4726FDCF9E83}.Publish|x64.Build.0 = Debug|x64
		{4CE70AB4-4D07-41F7-BF37-4726FDCF9E83}.Publish|x86.ActiveCfg = Debug|Any CPU
		{4CE70AB4-4D07-41F7-BF37-4726FDCF9E83}.Publish|x86.Build.0 = Debug|Any CPU
		{4CE70AB4-4D07-41F7-BF37-4726FDCF9E83}.Release|Any CPU.ActiveCfg = Release|Any CPU
		{4CE70AB4-4D07-41F7-BF37-4726FDCF9E83}.Release|Any CPU.Build.0 = Release|Any CPU
		{4CE70AB4-4D07-41F7-BF37-4726FDCF9E83}.Release|x64.ActiveCfg = Release|x64
		{4CE70AB4-4D07-41F7-BF37-4726FDCF9E83}.Release|x64.Build.0 = Release|x64
		{4CE70AB4-4D07-41F7-BF37-4726FDCF9E83}.Release|x86.ActiveCfg = Release|Any CPU
		{4CE70AB4-4D07-41F7-BF37-4726FDCF9E83}.Release|x86.Build.0 = Release|Any CPU
		{6CAFC0C6-A428-4D30-A9F9-700E829FEA51}.Debug|Any CPU.ActiveCfg = Debug|Any CPU
		{6CAFC0C6-A428-4D30-A9F9-700E829FEA51}.Debug|Any CPU.Build.0 = Debug|Any CPU
		{6CAFC0C6-A428-4D30-A9F9-700E829FEA51}.Debug|x64.ActiveCfg = Debug|Any CPU
		{6CAFC0C6-A428-4D30-A9F9-700E829FEA51}.Debug|x64.Build.0 = Debug|Any CPU
		{6CAFC0C6-A428-4D30-A9F9-700E829FEA51}.Debug|x86.ActiveCfg = Debug|Any CPU
		{6CAFC0C6-A428-4D30-A9F9-700E829FEA51}.Debug|x86.Build.0 = Debug|Any CPU
		{6CAFC0C6-A428-4D30-A9F9-700E829FEA51}.Publish|Any CPU.ActiveCfg = Debug|Any CPU
		{6CAFC0C6-A428-4D30-A9F9-700E829FEA51}.Publish|Any CPU.Build.0 = Debug|Any CPU
		{6CAFC0C6-A428-4D30-A9F9-700E829FEA51}.Publish|x64.ActiveCfg = Debug|Any CPU
		{6CAFC0C6-A428-4D30-A9F9-700E829FEA51}.Publish|x64.Build.0 = Debug|Any CPU
		{6CAFC0C6-A428-4D30-A9F9-700E829FEA51}.Publish|x86.ActiveCfg = Debug|Any CPU
		{6CAFC0C6-A428-4D30-A9F9-700E829FEA51}.Publish|x86.Build.0 = Debug|Any CPU
		{6CAFC0C6-A428-4D30-A9F9-700E829FEA51}.Release|Any CPU.ActiveCfg = Release|Any CPU
		{6CAFC0C6-A428-4D30-A9F9-700E829FEA51}.Release|Any CPU.Build.0 = Release|Any CPU
		{6CAFC0C6-A428-4D30-A9F9-700E829FEA51}.Release|x64.ActiveCfg = Release|Any CPU
		{6CAFC0C6-A428-4D30-A9F9-700E829FEA51}.Release|x64.Build.0 = Release|Any CPU
		{6CAFC0C6-A428-4D30-A9F9-700E829FEA51}.Release|x86.ActiveCfg = Release|Any CPU
		{6CAFC0C6-A428-4D30-A9F9-700E829FEA51}.Release|x86.Build.0 = Release|Any CPU
	EndGlobalSection
	GlobalSection(SolutionProperties) = preSolution
		HideSolutionNode = FALSE
	EndGlobalSection
	GlobalSection(NestedProjects) = preSolution
		{739ED7BB-BBD9-475D-9742-1030EE55014B} = {79478841-37E6-4D95-A090-258B9D20EEBB}
		{513443D4-95CE-431E-A809-6CF627A2C8D7} = {B7B8A69D-50F3-4F4F-94ED-DA96394FD77A}
		{A9CC29DF-8CE7-4369-8076-356AB53D5B37} = {B7B8A69D-50F3-4F4F-94ED-DA96394FD77A}
		{9511928F-E1E5-4FBB-AF98-B4FF554A16CF} = {B7B8A69D-50F3-4F4F-94ED-DA96394FD77A}
		{41792C66-67F1-4773-B751-E0948BC93815} = {79478841-37E6-4D95-A090-258B9D20EEBB}
		{D0BFCCC3-10EF-4138-9AD8-4F0CDEE61D2B} = {B7B8A69D-50F3-4F4F-94ED-DA96394FD77A}
		{834221FB-CBF0-4277-A47D-F6CB7B57B78C} = {986FF577-4770-4A8D-AB2F-A7C3F85E2985}
		{4CE70AB4-4D07-41F7-BF37-4726FDCF9E83} = {986FF577-4770-4A8D-AB2F-A7C3F85E2985}
		{6CAFC0C6-A428-4D30-A9F9-700E829FEA51} = {74E80935-8C33-44D2-A10D-A66DE74FF752}
	EndGlobalSection
	GlobalSection(ExtensibilityGlobals) = postSolution
		SolutionGuid = {1FB22BB2-2B4A-4022-8018-F88A7C49109E}
	EndGlobalSection
EndGlobal
